// !$*UTF8*$!
{
	archiveVersion = 1;
	classes = {
	};
	objectVersion = 54;
	objects = {

/* Begin PBXBuildFile section */
		8B35AC242166556D004524CE /* AppDelegate.m in Sources */ = {isa = PBXBuildFile; fileRef = 8B35AC232166556D004524CE /* AppDelegate.m */; };
		8B35AC272166556D004524CE /* ViewController.m in Sources */ = {isa = PBXBuildFile; fileRef = 8B35AC262166556D004524CE /* ViewController.m */; };
		8B35AC2A2166556D004524CE /* Main.storyboard in Resources */ = {isa = PBXBuildFile; fileRef = 8B35AC282166556D004524CE /* Main.storyboard */; };
		8B35AC2C21665570004524CE /* Assets.xcassets in Resources */ = {isa = PBXBuildFile; fileRef = 8B35AC2B21665570004524CE /* Assets.xcassets */; };
		8B35AC2F21665570004524CE /* LaunchScreen.storyboard in Resources */ = {isa = PBXBuildFile; fileRef = 8B35AC2D21665570004524CE /* LaunchScreen.storyboard */; };
		8B35AC3221665570004524CE /* main.m in Sources */ = {isa = PBXBuildFile; fileRef = 8B35AC3121665570004524CE /* main.m */; };
		8B35AC3C21665571004524CE /* KommunicateObjcSampleTests.m in Sources */ = {isa = PBXBuildFile; fileRef = 8B35AC3B21665571004524CE /* KommunicateObjcSampleTests.m */; };
		8B35AC492166609B004524CE /* KommunicateWrapper.swift in Sources */ = {isa = PBXBuildFile; fileRef = 8B35AC482166609B004524CE /* KommunicateWrapper.swift */; };
		A990CA4FA1CC956D51C5DE53 /* Pods_KommunicateObjcSample.framework in Frameworks */ = {isa = PBXBuildFile; fileRef = 227719AB1D927E7A5429F1D6 /* Pods_KommunicateObjcSample.framework */; };
/* End PBXBuildFile section */

/* Begin PBXContainerItemProxy section */
		8B35AC3821665571004524CE /* PBXContainerItemProxy */ = {
			isa = PBXContainerItemProxy;
			containerPortal = 8B35AC172166556D004524CE /* Project object */;
			proxyType = 1;
			remoteGlobalIDString = 8B35AC1E2166556D004524CE;
			remoteInfo = KommunicateObjcSample;
		};
/* End PBXContainerItemProxy section */

/* Begin PBXFileReference section */
		227719AB1D927E7A5429F1D6 /* Pods_KommunicateObjcSample.framework */ = {isa = PBXFileReference; explicitFileType = wrapper.framework; includeInIndex = 0; path = Pods_KommunicateObjcSample.framework; sourceTree = BUILT_PRODUCTS_DIR; };
		8B35AC1F2166556D004524CE /* KommunicateObjcSample.app */ = {isa = PBXFileReference; explicitFileType = wrapper.application; includeInIndex = 0; path = KommunicateObjcSample.app; sourceTree = BUILT_PRODUCTS_DIR; };
		8B35AC222166556D004524CE /* AppDelegate.h */ = {isa = PBXFileReference; lastKnownFileType = sourcecode.c.h; path = AppDelegate.h; sourceTree = "<group>"; };
		8B35AC232166556D004524CE /* AppDelegate.m */ = {isa = PBXFileReference; lastKnownFileType = sourcecode.c.objc; path = AppDelegate.m; sourceTree = "<group>"; };
		8B35AC252166556D004524CE /* ViewController.h */ = {isa = PBXFileReference; lastKnownFileType = sourcecode.c.h; path = ViewController.h; sourceTree = "<group>"; };
		8B35AC262166556D004524CE /* ViewController.m */ = {isa = PBXFileReference; lastKnownFileType = sourcecode.c.objc; path = ViewController.m; sourceTree = "<group>"; };
		8B35AC292166556D004524CE /* Base */ = {isa = PBXFileReference; lastKnownFileType = file.storyboard; name = Base; path = Base.lproj/Main.storyboard; sourceTree = "<group>"; };
		8B35AC2B21665570004524CE /* Assets.xcassets */ = {isa = PBXFileReference; lastKnownFileType = folder.assetcatalog; path = Assets.xcassets; sourceTree = "<group>"; };
		8B35AC2E21665570004524CE /* Base */ = {isa = PBXFileReference; lastKnownFileType = file.storyboard; name = Base; path = Base.lproj/LaunchScreen.storyboard; sourceTree = "<group>"; };
		8B35AC3021665570004524CE /* Info.plist */ = {isa = PBXFileReference; lastKnownFileType = text.plist.xml; path = Info.plist; sourceTree = "<group>"; };
		8B35AC3121665570004524CE /* main.m */ = {isa = PBXFileReference; lastKnownFileType = sourcecode.c.objc; path = main.m; sourceTree = "<group>"; };
		8B35AC3721665570004524CE /* KommunicateObjcSampleTests.xctest */ = {isa = PBXFileReference; explicitFileType = wrapper.cfbundle; includeInIndex = 0; path = KommunicateObjcSampleTests.xctest; sourceTree = BUILT_PRODUCTS_DIR; };
		8B35AC3B21665571004524CE /* KommunicateObjcSampleTests.m */ = {isa = PBXFileReference; lastKnownFileType = sourcecode.c.objc; path = KommunicateObjcSampleTests.m; sourceTree = "<group>"; };
		8B35AC3D21665571004524CE /* Info.plist */ = {isa = PBXFileReference; lastKnownFileType = text.plist.xml; path = Info.plist; sourceTree = "<group>"; };
		8B35AC472166609A004524CE /* KommunicateObjcSample-Bridging-Header.h */ = {isa = PBXFileReference; lastKnownFileType = sourcecode.c.h; path = "KommunicateObjcSample-Bridging-Header.h"; sourceTree = "<group>"; };
		8B35AC482166609B004524CE /* KommunicateWrapper.swift */ = {isa = PBXFileReference; lastKnownFileType = sourcecode.swift; path = KommunicateWrapper.swift; sourceTree = "<group>"; };
		8B7C41CE216E2A34004E5B1A /* KommunicateObjcSample.entitlements */ = {isa = PBXFileReference; lastKnownFileType = text.plist.entitlements; path = KommunicateObjcSample.entitlements; sourceTree = "<group>"; };
		E0BB3FD17A6F60D1D52E2A4C /* Pods-KommunicateObjcSample.release.xcconfig */ = {isa = PBXFileReference; includeInIndex = 1; lastKnownFileType = text.xcconfig; name = "Pods-KommunicateObjcSample.release.xcconfig"; path = "Pods/Target Support Files/Pods-KommunicateObjcSample/Pods-KommunicateObjcSample.release.xcconfig"; sourceTree = "<group>"; };
		EB9683A33AE4658449462309 /* Pods-KommunicateObjcSample.debug.xcconfig */ = {isa = PBXFileReference; includeInIndex = 1; lastKnownFileType = text.xcconfig; name = "Pods-KommunicateObjcSample.debug.xcconfig"; path = "Pods/Target Support Files/Pods-KommunicateObjcSample/Pods-KommunicateObjcSample.debug.xcconfig"; sourceTree = "<group>"; };
/* End PBXFileReference section */

/* Begin PBXFrameworksBuildPhase section */
		8B35AC1C2166556D004524CE /* Frameworks */ = {
			isa = PBXFrameworksBuildPhase;
			buildActionMask = 2147483647;
			files = (
				A990CA4FA1CC956D51C5DE53 /* Pods_KommunicateObjcSample.framework in Frameworks */,
			);
			runOnlyForDeploymentPostprocessing = 0;
		};
		8B35AC3421665570004524CE /* Frameworks */ = {
			isa = PBXFrameworksBuildPhase;
			buildActionMask = 2147483647;
			files = (
			);
			runOnlyForDeploymentPostprocessing = 0;
		};
/* End PBXFrameworksBuildPhase section */

/* Begin PBXGroup section */
		442B15C0B7FC670F9AF10C04 /* Pods */ = {
			isa = PBXGroup;
			children = (
				EB9683A33AE4658449462309 /* Pods-KommunicateObjcSample.debug.xcconfig */,
				E0BB3FD17A6F60D1D52E2A4C /* Pods-KommunicateObjcSample.release.xcconfig */,
			);
			name = Pods;
			sourceTree = "<group>";
		};
		8B35AC162166556D004524CE = {
			isa = PBXGroup;
			children = (
				8B35AC212166556D004524CE /* KommunicateObjcSample */,
				8B35AC3A21665571004524CE /* KommunicateObjcSampleTests */,
				8B35AC202166556D004524CE /* Products */,
				442B15C0B7FC670F9AF10C04 /* Pods */,
				BF5FD66516D0A874ADF45525 /* Frameworks */,
			);
			sourceTree = "<group>";
		};
		8B35AC202166556D004524CE /* Products */ = {
			isa = PBXGroup;
			children = (
				8B35AC1F2166556D004524CE /* KommunicateObjcSample.app */,
				8B35AC3721665570004524CE /* KommunicateObjcSampleTests.xctest */,
			);
			name = Products;
			sourceTree = "<group>";
		};
		8B35AC212166556D004524CE /* KommunicateObjcSample */ = {
			isa = PBXGroup;
			children = (
				8B7C41CE216E2A34004E5B1A /* KommunicateObjcSample.entitlements */,
				8B35AC222166556D004524CE /* AppDelegate.h */,
				8B35AC232166556D004524CE /* AppDelegate.m */,
				8B35AC252166556D004524CE /* ViewController.h */,
				8B35AC262166556D004524CE /* ViewController.m */,
				8B35AC282166556D004524CE /* Main.storyboard */,
				8B35AC2B21665570004524CE /* Assets.xcassets */,
				8B35AC2D21665570004524CE /* LaunchScreen.storyboard */,
				8B35AC3021665570004524CE /* Info.plist */,
				8B35AC3121665570004524CE /* main.m */,
				8B35AC482166609B004524CE /* KommunicateWrapper.swift */,
				8B35AC472166609A004524CE /* KommunicateObjcSample-Bridging-Header.h */,
			);
			path = KommunicateObjcSample;
			sourceTree = "<group>";
		};
		8B35AC3A21665571004524CE /* KommunicateObjcSampleTests */ = {
			isa = PBXGroup;
			children = (
				8B35AC3B21665571004524CE /* KommunicateObjcSampleTests.m */,
				8B35AC3D21665571004524CE /* Info.plist */,
			);
			path = KommunicateObjcSampleTests;
			sourceTree = "<group>";
		};
		BF5FD66516D0A874ADF45525 /* Frameworks */ = {
			isa = PBXGroup;
			children = (
				227719AB1D927E7A5429F1D6 /* Pods_KommunicateObjcSample.framework */,
			);
			name = Frameworks;
			sourceTree = "<group>";
		};
/* End PBXGroup section */

/* Begin PBXNativeTarget section */
		8B35AC1E2166556D004524CE /* KommunicateObjcSample */ = {
			isa = PBXNativeTarget;
			buildConfigurationList = 8B35AC4021665571004524CE /* Build configuration list for PBXNativeTarget "KommunicateObjcSample" */;
			buildPhases = (
				CB9147873BA8161C68A0B630 /* [CP] Check Pods Manifest.lock */,
				8B35AC1B2166556D004524CE /* Sources */,
				8B35AC1C2166556D004524CE /* Frameworks */,
				8B35AC1D2166556D004524CE /* Resources */,
				65A80A67E2B378AB304F84B2 /* [CP] Embed Pods Frameworks */,
			);
			buildRules = (
			);
			dependencies = (
			);
			name = KommunicateObjcSample;
			productName = KommunicateObjcSample;
			productReference = 8B35AC1F2166556D004524CE /* KommunicateObjcSample.app */;
			productType = "com.apple.product-type.application";
		};
		8B35AC3621665570004524CE /* KommunicateObjcSampleTests */ = {
			isa = PBXNativeTarget;
			buildConfigurationList = 8B35AC4321665571004524CE /* Build configuration list for PBXNativeTarget "KommunicateObjcSampleTests" */;
			buildPhases = (
				8B35AC3321665570004524CE /* Sources */,
				8B35AC3421665570004524CE /* Frameworks */,
				8B35AC3521665570004524CE /* Resources */,
			);
			buildRules = (
			);
			dependencies = (
				8B35AC3921665571004524CE /* PBXTargetDependency */,
			);
			name = KommunicateObjcSampleTests;
			productName = KommunicateObjcSampleTests;
			productReference = 8B35AC3721665570004524CE /* KommunicateObjcSampleTests.xctest */;
			productType = "com.apple.product-type.bundle.unit-test";
		};
/* End PBXNativeTarget section */

/* Begin PBXProject section */
		8B35AC172166556D004524CE /* Project object */ = {
			isa = PBXProject;
			attributes = {
				LastUpgradeCheck = 1000;
				ORGANIZATIONNAME = mukesh;
				TargetAttributes = {
					8B35AC1E2166556D004524CE = {
						CreatedOnToolsVersion = 10.0;
						LastSwiftMigration = 1000;
						SystemCapabilities = {
							com.apple.BackgroundModes = {
								enabled = 1;
							};
							com.apple.Push = {
								enabled = 1;
							};
						};
					};
					8B35AC3621665570004524CE = {
						CreatedOnToolsVersion = 10.0;
						TestTargetID = 8B35AC1E2166556D004524CE;
					};
				};
			};
			buildConfigurationList = 8B35AC1A2166556D004524CE /* Build configuration list for PBXProject "KommunicateObjcSample" */;
			compatibilityVersion = "Xcode 9.3";
			developmentRegion = en;
			hasScannedForEncodings = 0;
			knownRegions = (
				en,
				Base,
			);
			mainGroup = 8B35AC162166556D004524CE;
			productRefGroup = 8B35AC202166556D004524CE /* Products */;
			projectDirPath = "";
			projectRoot = "";
			targets = (
				8B35AC1E2166556D004524CE /* KommunicateObjcSample */,
				8B35AC3621665570004524CE /* KommunicateObjcSampleTests */,
			);
		};
/* End PBXProject section */

/* Begin PBXResourcesBuildPhase section */
		8B35AC1D2166556D004524CE /* Resources */ = {
			isa = PBXResourcesBuildPhase;
			buildActionMask = 2147483647;
			files = (
				8B35AC2F21665570004524CE /* LaunchScreen.storyboard in Resources */,
				8B35AC2C21665570004524CE /* Assets.xcassets in Resources */,
				8B35AC2A2166556D004524CE /* Main.storyboard in Resources */,
			);
			runOnlyForDeploymentPostprocessing = 0;
		};
		8B35AC3521665570004524CE /* Resources */ = {
			isa = PBXResourcesBuildPhase;
			buildActionMask = 2147483647;
			files = (
			);
			runOnlyForDeploymentPostprocessing = 0;
		};
/* End PBXResourcesBuildPhase section */

/* Begin PBXShellScriptBuildPhase section */
		65A80A67E2B378AB304F84B2 /* [CP] Embed Pods Frameworks */ = {
			isa = PBXShellScriptBuildPhase;
			buildActionMask = 2147483647;
			files = (
			);
			inputFileListPaths = (
				"${PODS_ROOT}/Target Support Files/Pods-KommunicateObjcSample/Pods-KommunicateObjcSample-frameworks-${CONFIGURATION}-input-files.xcfilelist",
			);
			name = "[CP] Embed Pods Frameworks";
			outputFileListPaths = (
				"${PODS_ROOT}/Target Support Files/Pods-KommunicateObjcSample/Pods-KommunicateObjcSample-frameworks-${CONFIGURATION}-output-files.xcfilelist",
			);
			runOnlyForDeploymentPostprocessing = 0;
			shellPath = /bin/sh;
			shellScript = "\"${PODS_ROOT}/Target Support Files/Pods-KommunicateObjcSample/Pods-KommunicateObjcSample-frameworks.sh\"\n";
			showEnvVarsInLog = 0;
		};
		CB9147873BA8161C68A0B630 /* [CP] Check Pods Manifest.lock */ = {
			isa = PBXShellScriptBuildPhase;
			buildActionMask = 2147483647;
			files = (
			);
			inputFileListPaths = (
			);
			inputPaths = (
				"${PODS_PODFILE_DIR_PATH}/Podfile.lock",
				"${PODS_ROOT}/Manifest.lock",
			);
			name = "[CP] Check Pods Manifest.lock";
			outputFileListPaths = (
			);
			outputPaths = (
				"$(DERIVED_FILE_DIR)/Pods-KommunicateObjcSample-checkManifestLockResult.txt",
			);
			runOnlyForDeploymentPostprocessing = 0;
			shellPath = /bin/sh;
			shellScript = "diff \"${PODS_PODFILE_DIR_PATH}/Podfile.lock\" \"${PODS_ROOT}/Manifest.lock\" > /dev/null\nif [ $? != 0 ] ; then\n    # print error to STDERR\n    echo \"error: The sandbox is not in sync with the Podfile.lock. Run 'pod install' or update your CocoaPods installation.\" >&2\n    exit 1\nfi\n# This output is used by Xcode 'outputs' to avoid re-running this script phase.\necho \"SUCCESS\" > \"${SCRIPT_OUTPUT_FILE_0}\"\n";
			showEnvVarsInLog = 0;
		};
/* End PBXShellScriptBuildPhase section */

/* Begin PBXSourcesBuildPhase section */
		8B35AC1B2166556D004524CE /* Sources */ = {
			isa = PBXSourcesBuildPhase;
			buildActionMask = 2147483647;
			files = (
				8B35AC272166556D004524CE /* ViewController.m in Sources */,
				8B35AC492166609B004524CE /* KommunicateWrapper.swift in Sources */,
				8B35AC3221665570004524CE /* main.m in Sources */,
				8B35AC242166556D004524CE /* AppDelegate.m in Sources */,
			);
			runOnlyForDeploymentPostprocessing = 0;
		};
		8B35AC3321665570004524CE /* Sources */ = {
			isa = PBXSourcesBuildPhase;
			buildActionMask = 2147483647;
			files = (
				8B35AC3C21665571004524CE /* KommunicateObjcSampleTests.m in Sources */,
			);
			runOnlyForDeploymentPostprocessing = 0;
		};
/* End PBXSourcesBuildPhase section */

/* Begin PBXTargetDependency section */
		8B35AC3921665571004524CE /* PBXTargetDependency */ = {
			isa = PBXTargetDependency;
			target = 8B35AC1E2166556D004524CE /* KommunicateObjcSample */;
			targetProxy = 8B35AC3821665571004524CE /* PBXContainerItemProxy */;
		};
/* End PBXTargetDependency section */

/* Begin PBXVariantGroup section */
		8B35AC282166556D004524CE /* Main.storyboard */ = {
			isa = PBXVariantGroup;
			children = (
				8B35AC292166556D004524CE /* Base */,
			);
			name = Main.storyboard;
			sourceTree = "<group>";
		};
		8B35AC2D21665570004524CE /* LaunchScreen.storyboard */ = {
			isa = PBXVariantGroup;
			children = (
				8B35AC2E21665570004524CE /* Base */,
			);
			name = LaunchScreen.storyboard;
			sourceTree = "<group>";
		};
/* End PBXVariantGroup section */

/* Begin XCBuildConfiguration section */
		8B35AC3E21665571004524CE /* Debug */ = {
			isa = XCBuildConfiguration;
			buildSettings = {
				ALWAYS_SEARCH_USER_PATHS = NO;
				CLANG_ANALYZER_NONNULL = YES;
				CLANG_ANALYZER_NUMBER_OBJECT_CONVERSION = YES_AGGRESSIVE;
				CLANG_CXX_LANGUAGE_STANDARD = "gnu++14";
				CLANG_CXX_LIBRARY = "libc++";
				CLANG_ENABLE_MODULES = YES;
				CLANG_ENABLE_OBJC_ARC = YES;
				CLANG_ENABLE_OBJC_WEAK = YES;
				CLANG_WARN_BLOCK_CAPTURE_AUTORELEASING = YES;
				CLANG_WARN_BOOL_CONVERSION = YES;
				CLANG_WARN_COMMA = YES;
				CLANG_WARN_CONSTANT_CONVERSION = YES;
				CLANG_WARN_DEPRECATED_OBJC_IMPLEMENTATIONS = YES;
				CLANG_WARN_DIRECT_OBJC_ISA_USAGE = YES_ERROR;
				CLANG_WARN_DOCUMENTATION_COMMENTS = YES;
				CLANG_WARN_EMPTY_BODY = YES;
				CLANG_WARN_ENUM_CONVERSION = YES;
				CLANG_WARN_INFINITE_RECURSION = YES;
				CLANG_WARN_INT_CONVERSION = YES;
				CLANG_WARN_NON_LITERAL_NULL_CONVERSION = YES;
				CLANG_WARN_OBJC_IMPLICIT_RETAIN_SELF = YES;
				CLANG_WARN_OBJC_LITERAL_CONVERSION = YES;
				CLANG_WARN_OBJC_ROOT_CLASS = YES_ERROR;
				CLANG_WARN_RANGE_LOOP_ANALYSIS = YES;
				CLANG_WARN_STRICT_PROTOTYPES = YES;
				CLANG_WARN_SUSPICIOUS_MOVE = YES;
				CLANG_WARN_UNGUARDED_AVAILABILITY = YES_AGGRESSIVE;
				CLANG_WARN_UNREACHABLE_CODE = YES;
				CLANG_WARN__DUPLICATE_METHOD_MATCH = YES;
				CODE_SIGN_IDENTITY = "iPhone Developer";
				COPY_PHASE_STRIP = NO;
				DEBUG_INFORMATION_FORMAT = dwarf;
				ENABLE_STRICT_OBJC_MSGSEND = YES;
				ENABLE_TESTABILITY = YES;
				GCC_C_LANGUAGE_STANDARD = gnu11;
				GCC_DYNAMIC_NO_PIC = NO;
				GCC_NO_COMMON_BLOCKS = YES;
				GCC_OPTIMIZATION_LEVEL = 0;
				GCC_PREPROCESSOR_DEFINITIONS = (
					"DEBUG=1",
					"$(inherited)",
				);
				GCC_WARN_64_TO_32_BIT_CONVERSION = YES;
				GCC_WARN_ABOUT_RETURN_TYPE = YES_ERROR;
				GCC_WARN_UNDECLARED_SELECTOR = YES;
				GCC_WARN_UNINITIALIZED_AUTOS = YES_AGGRESSIVE;
				GCC_WARN_UNUSED_FUNCTION = YES;
				GCC_WARN_UNUSED_VARIABLE = YES;
				IPHONEOS_DEPLOYMENT_TARGET = 12.0;
				MTL_ENABLE_DEBUG_INFO = INCLUDE_SOURCE;
				MTL_FAST_MATH = YES;
				ONLY_ACTIVE_ARCH = YES;
				SDKROOT = iphoneos;
			};
			name = Debug;
		};
		8B35AC3F21665571004524CE /* Release */ = {
			isa = XCBuildConfiguration;
			buildSettings = {
				ALWAYS_SEARCH_USER_PATHS = NO;
				CLANG_ANALYZER_NONNULL = YES;
				CLANG_ANALYZER_NUMBER_OBJECT_CONVERSION = YES_AGGRESSIVE;
				CLANG_CXX_LANGUAGE_STANDARD = "gnu++14";
				CLANG_CXX_LIBRARY = "libc++";
				CLANG_ENABLE_MODULES = YES;
				CLANG_ENABLE_OBJC_ARC = YES;
				CLANG_ENABLE_OBJC_WEAK = YES;
				CLANG_WARN_BLOCK_CAPTURE_AUTORELEASING = YES;
				CLANG_WARN_BOOL_CONVERSION = YES;
				CLANG_WARN_COMMA = YES;
				CLANG_WARN_CONSTANT_CONVERSION = YES;
				CLANG_WARN_DEPRECATED_OBJC_IMPLEMENTATIONS = YES;
				CLANG_WARN_DIRECT_OBJC_ISA_USAGE = YES_ERROR;
				CLANG_WARN_DOCUMENTATION_COMMENTS = YES;
				CLANG_WARN_EMPTY_BODY = YES;
				CLANG_WARN_ENUM_CONVERSION = YES;
				CLANG_WARN_INFINITE_RECURSION = YES;
				CLANG_WARN_INT_CONVERSION = YES;
				CLANG_WARN_NON_LITERAL_NULL_CONVERSION = YES;
				CLANG_WARN_OBJC_IMPLICIT_RETAIN_SELF = YES;
				CLANG_WARN_OBJC_LITERAL_CONVERSION = YES;
				CLANG_WARN_OBJC_ROOT_CLASS = YES_ERROR;
				CLANG_WARN_RANGE_LOOP_ANALYSIS = YES;
				CLANG_WARN_STRICT_PROTOTYPES = YES;
				CLANG_WARN_SUSPICIOUS_MOVE = YES;
				CLANG_WARN_UNGUARDED_AVAILABILITY = YES_AGGRESSIVE;
				CLANG_WARN_UNREACHABLE_CODE = YES;
				CLANG_WARN__DUPLICATE_METHOD_MATCH = YES;
				CODE_SIGN_IDENTITY = "iPhone Developer";
				COPY_PHASE_STRIP = NO;
				DEBUG_INFORMATION_FORMAT = "dwarf-with-dsym";
				ENABLE_NS_ASSERTIONS = NO;
				ENABLE_STRICT_OBJC_MSGSEND = YES;
				GCC_C_LANGUAGE_STANDARD = gnu11;
				GCC_NO_COMMON_BLOCKS = YES;
				GCC_WARN_64_TO_32_BIT_CONVERSION = YES;
				GCC_WARN_ABOUT_RETURN_TYPE = YES_ERROR;
				GCC_WARN_UNDECLARED_SELECTOR = YES;
				GCC_WARN_UNINITIALIZED_AUTOS = YES_AGGRESSIVE;
				GCC_WARN_UNUSED_FUNCTION = YES;
				GCC_WARN_UNUSED_VARIABLE = YES;
				IPHONEOS_DEPLOYMENT_TARGET = 12.0;
				MTL_ENABLE_DEBUG_INFO = NO;
				MTL_FAST_MATH = YES;
				SDKROOT = iphoneos;
				VALIDATE_PRODUCT = YES;
			};
			name = Release;
		};
		8B35AC4121665571004524CE /* Debug */ = {
			isa = XCBuildConfiguration;
			baseConfigurationReference = EB9683A33AE4658449462309 /* Pods-KommunicateObjcSample.debug.xcconfig */;
			buildSettings = {
				ASSETCATALOG_COMPILER_APPICON_NAME = AppIcon;
				CLANG_ENABLE_MODULES = YES;
				CODE_SIGN_ENTITLEMENTS = KommunicateObjcSample/KommunicateObjcSample.entitlements;
				CODE_SIGN_STYLE = Automatic;
				DEVELOPMENT_TEAM = 932BY3Q6F7;
				INFOPLIST_FILE = KommunicateObjcSample/Info.plist;
				IPHONEOS_DEPLOYMENT_TARGET = 13.0;
				LD_RUNPATH_SEARCH_PATHS = (
					"$(inherited)",
					"@executable_path/Frameworks",
				);
				PRODUCT_BUNDLE_IDENTIFIER = com.applozic.KommunicateObjcSample;
				PRODUCT_NAME = "$(TARGET_NAME)";
				SWIFT_OBJC_BRIDGING_HEADER = "KommunicateObjcSample/KommunicateObjcSample-Bridging-Header.h";
				SWIFT_OPTIMIZATION_LEVEL = "-Onone";
				SWIFT_VERSION = 4.2;
				TARGETED_DEVICE_FAMILY = "1,2";
			};
			name = Debug;
		};
		8B35AC4221665571004524CE /* Release */ = {
			isa = XCBuildConfiguration;
			baseConfigurationReference = E0BB3FD17A6F60D1D52E2A4C /* Pods-KommunicateObjcSample.release.xcconfig */;
			buildSettings = {
				ASSETCATALOG_COMPILER_APPICON_NAME = AppIcon;
				CLANG_ENABLE_MODULES = YES;
				CODE_SIGN_ENTITLEMENTS = KommunicateObjcSample/KommunicateObjcSample.entitlements;
				CODE_SIGN_STYLE = Automatic;
				DEVELOPMENT_TEAM = 932BY3Q6F7;
				INFOPLIST_FILE = KommunicateObjcSample/Info.plist;
				IPHONEOS_DEPLOYMENT_TARGET = 13.0;
				LD_RUNPATH_SEARCH_PATHS = (
					"$(inherited)",
					"@executable_path/Frameworks",
				);
				PRODUCT_BUNDLE_IDENTIFIER = com.applozic.KommunicateObjcSample;
				PRODUCT_NAME = "$(TARGET_NAME)";
				SWIFT_OBJC_BRIDGING_HEADER = "KommunicateObjcSample/KommunicateObjcSample-Bridging-Header.h";
				SWIFT_VERSION = 4.2;
				TARGETED_DEVICE_FAMILY = "1,2";
			};
			name = Release;
		};
		8B35AC4421665571004524CE /* Debug */ = {
			isa = XCBuildConfiguration;
			buildSettings = {
				ALWAYS_EMBED_SWIFT_STANDARD_LIBRARIES = YES;
				BUNDLE_LOADER = "$(TEST_HOST)";
				CODE_SIGN_STYLE = Automatic;
				DEVELOPMENT_TEAM = C25JNDCBM4;
				INFOPLIST_FILE = KommunicateObjcSampleTests/Info.plist;
				LD_RUNPATH_SEARCH_PATHS = (
					"$(inherited)",
					"@executable_path/Frameworks",
					"@loader_path/Frameworks",
				);
				PRODUCT_BUNDLE_IDENTIFIER = com.applozic.KommunicateObjcSampleTests;
				PRODUCT_NAME = "$(TARGET_NAME)";
				TARGETED_DEVICE_FAMILY = "1,2";
				TEST_HOST = "$(BUILT_PRODUCTS_DIR)/KommunicateObjcSample.app/KommunicateObjcSample";
			};
			name = Debug;
		};
		8B35AC4521665571004524CE /* Release */ = {
			isa = XCBuildConfiguration;
			buildSettings = {
				ALWAYS_EMBED_SWIFT_STANDARD_LIBRARIES = YES;
				BUNDLE_LOADER = "$(TEST_HOST)";
				CODE_SIGN_STYLE = Automatic;
				DEVELOPMENT_TEAM = C25JNDCBM4;
				INFOPLIST_FILE = KommunicateObjcSampleTests/Info.plist;
				LD_RUNPATH_SEARCH_PATHS = (
					"$(inherited)",
					"@executable_path/Frameworks",
					"@loader_path/Frameworks",
				);
				PRODUCT_BUNDLE_IDENTIFIER = com.applozic.KommunicateObjcSampleTests;
				PRODUCT_NAME = "$(TARGET_NAME)";
				TARGETED_DEVICE_FAMILY = "1,2";
				TEST_HOST = "$(BUILT_PRODUCTS_DIR)/KommunicateObjcSample.app/KommunicateObjcSample";
			};
			name = Release;
		};
/* End XCBuildConfiguration section */

/* Begin XCConfigurationList section */
		8B35AC1A2166556D004524CE /* Build configuration list for PBXProject "KommunicateObjcSample" */ = {
			isa = XCConfigurationList;
			buildConfigurations = (
				8B35AC3E21665571004524CE /* Debug */,
				8B35AC3F21665571004524CE /* Release */,
			);
			defaultConfigurationIsVisible = 0;
			defaultConfigurationName = Release;
		};
		8B35AC4021665571004524CE /* Build configuration list for PBXNativeTarget "KommunicateObjcSample" */ = {
			isa = XCConfigurationList;
			buildConfigurations = (
				8B35AC4121665571004524CE /* Debug */,
				8B35AC4221665571004524CE /* Release */,
			);
			defaultConfigurationIsVisible = 0;
			defaultConfigurationName = Release;
		};
		8B35AC4321665571004524CE /* Build configuration list for PBXNativeTarget "KommunicateObjcSampleTests" */ = {
			isa = XCConfigurationList;
			buildConfigurations = (
				8B35AC4421665571004524CE /* Debug */,
				8B35AC4521665571004524CE /* Release */,
			);
			defaultConfigurationIsVisible = 0;
			defaultConfigurationName = Release;
		};
/* End XCConfigurationList section */
	};
	rootObject = 8B35AC172166556D004524CE /* Project object */;
}
