PODS:
  - Applozic (6.12.0):
    - SDWebImage (~> 4.4)
  - ApplozicSwift (3.0.0):
    - ApplozicSwift/Complete (= 3.0.0)
  - ApplozicSwift/Complete (3.0.0):
    - Applozic (~> 6.12.0)
    - ApplozicSwift/RichMessageKit
    - Kingfisher (~> 5.6.0)
    - MGSwipeTableCell (~> 1.5.6)
  - ApplozicSwift/RichMessageKit (3.0.0)
  - Kingfisher (5.6.0)
  - Kommunicate (2.0.0):
    - ApplozicSwift (~> 3.0.0)
  - MGSwipeTableCell (1.5.6)
  - SDWebImage (4.4.7):
    - SDWebImage/Core (= 4.4.7)
  - SDWebImage/Core (4.4.7)

DEPENDENCIES:
  - Kommunicate

SPEC REPOS:
  https://github.com/cocoapods/specs.git:
    - Applozic
    - ApplozicSwift
    - Kingfisher
    - Kommunicate
    - MGSwipeTableCell
    - SDWebImage

SPEC CHECKSUMS:
  Applozic: 2b0d175082ddb533cd3578b2339ae6629fac3bc2
  ApplozicSwift: fec5bcb9e95cb6c785ffe45110f76db282cc3813
  Kingfisher: 1a50df6880a60bae26f3e21a0df3d17b892f5e0b
  Kommunicate: 0c970eded2a0730f5e1c85bb404caba3d25e38ca
  MGSwipeTableCell: 616700eb0ffd1c611ba909066cb7fd739790a0a7
  SDWebImage: c10d14a8883ebd89664f02a422006f66a85c0c5d

PODFILE CHECKSUM: 3593c33c76bf584c055165bfee908ef7f23cce21

COCOAPODS: 1.7.2
